
Microsoft Visual Studio Solution File, Format Version 12.00
# Visual Studio Version 17
VisualStudioVersion = 17.6.33829.357
MinimumVisualStudioVersion = 10.0.40219.1
Project("{9A19103F-16F7-4668-BE54-9A1E7A4F7556}") = "AssessmentAPITesting", "AssessmentAPITesting\AssessmentAPITesting.csproj", "{47F94A0E-713E-44CB-8049-6591CE7C9DB5}"
EndProject
Project("{2150E333-8FDC-42A3-9474-1A3956D46DE8}") = "AssessmentTest", "AssessmentTest", "{C11E2DEC-AFD3-4066-ACF4-D50BB55BDC72}"
EndProject
Project("{FAE04EC0-301F-11D3-BF4B-00C04F79EFBC}") = "AssessmentAPITesting.Test", "AssessmentAPITesting.Test\AssessmentAPITesting.Test.csproj", "{B76E1E76-DA4E-4631-9878-4FF25BEF6C05}"
EndProject
Global
	GlobalSection(SolutionConfigurationPlatforms) = preSolution
		Debug|Any CPU = Debug|Any CPU
		Release|Any CPU = Release|Any CPU
	EndGlobalSection
	GlobalSection(ProjectConfigurationPlatforms) = postSolution
		{47F94A0E-713E-44CB-8049-6591CE7C9DB5}.Debug|Any CPU.ActiveCfg = Debug|Any CPU
		{47F94A0E-713E-44CB-8049-6591CE7C9DB5}.Debug|Any CPU.Build.0 = Debug|Any CPU
		{47F94A0E-713E-44CB-8049-6591CE7C9DB5}.Release|Any CPU.ActiveCfg = Release|Any CPU
		{47F94A0E-713E-44CB-8049-6591CE7C9DB5}.Release|Any CPU.Build.0 = Release|Any CPU
		{B76E1E76-DA4E-4631-9878-4FF25BEF6C05}.Debug|Any CPU.ActiveCfg = Debug|Any CPU
		{B76E1E76-DA4E-4631-9878-4FF25BEF6C05}.Debug|Any CPU.Build.0 = Debug|Any CPU
		{B76E1E76-DA4E-4631-9878-4FF25BEF6C05}.Release|Any CPU.ActiveCfg = Release|Any CPU
		{B76E1E76-DA4E-4631-9878-4FF25BEF6C05}.Release|Any CPU.Build.0 = Release|Any CPU
	EndGlobalSection
	GlobalSection(SolutionProperties) = preSolution
		HideSolutionNode = FALSE
	EndGlobalSection
	GlobalSection(NestedProjects) = preSolution
		{B76E1E76-DA4E-4631-9878-4FF25BEF6C05} = {C11E2DEC-AFD3-4066-ACF4-D50BB55BDC72}
	EndGlobalSection
	GlobalSection(ExtensibilityGlobals) = postSolution
		SolutionGuid = {9707FEBF-50AE-470F-A536-49FD55BB73BD}
	EndGlobalSection
EndGlobal
